
Microsoft Visual Studio Solution File, Format Version 12.00
# Visual Studio 2012
Project("{FAE04EC0-301F-11D3-BF4B-00C04F79EFBC}") = "FizzBuzz", "FizzBuzz\FizzBuzz.csproj", "{3156DD76-ABFC-4473-A404-D43CEEC1374A}"
EndProject
Project("{FAE04EC0-301F-11D3-BF4B-00C04F79EFBC}") = "UnitTests", "UnitTests\UnitTests.csproj", "{92129996-B3BE-44C7-8AA9-D43CF9E400CB}"
EndProject
Global
	GlobalSection(SolutionConfigurationPlatforms) = preSolution
		Debug|Any CPU = Debug|Any CPU
		Release|Any CPU = Release|Any CPU
	EndGlobalSection
	GlobalSection(ProjectConfigurationPlatforms) = postSolution
		{3156DD76-ABFC-4473-A404-D43CEEC1374A}.Debug|Any CPU.ActiveCfg = Debug|Any CPU
		{3156DD76-ABFC-4473-A404-D43CEEC1374A}.Debug|Any CPU.Build.0 = Debug|Any CPU
		{3156DD76-ABFC-4473-A404-D43CEEC1374A}.Release|Any CPU.ActiveCfg = Release|Any CPU
		{3156DD76-ABFC-4473-A404-D43CEEC1374A}.Release|Any CPU.Build.0 = Release|Any CPU
		{92129996-B3BE-44C7-8AA9-D43CF9E400CB}.Debug|Any CPU.ActiveCfg = Debug|Any CPU
		{92129996-B3BE-44C7-8AA9-D43CF9E400CB}.Debug|Any CPU.Build.0 = Debug|Any CPU
		{92129996-B3BE-44C7-8AA9-D43CF9E400CB}.Release|Any CPU.ActiveCfg = Release|Any CPU
		{92129996-B3BE-44C7-8AA9-D43CF9E400CB}.Release|Any CPU.Build.0 = Release|Any CPU
	EndGlobalSection
	GlobalSection(SolutionProperties) = preSolution
		HideSolutionNode = FALSE
	EndGlobalSection
EndGlobal
